
Microsoft Visual Studio Solution File, Format Version 12.00
Project("{FAE04EC0-301F-11D3-BF4B-00C04F79EFBC}") = "Test05_AddAndSubstract", "Test05_AddAndSubstract.csproj", "{7FCE5469-8443-40D9-AB77-B47EAC9378B7}"
EndProject
Global
	GlobalSection(SolutionConfigurationPlatforms) = preSolution
		Debug|Any CPU = Debug|Any CPU
		Release|Any CPU = Release|Any CPU
	EndGlobalSection
	GlobalSection(ProjectConfigurationPlatforms) = postSolution
		{7FCE5469-8443-40D9-AB77-B47EAC9378B7}.Debug|Any CPU.ActiveCfg = Debug|Any CPU
		{7FCE5469-8443-40D9-AB77-B47EAC9378B7}.Debug|Any CPU.Build.0 = Debug|Any CPU
		{7FCE5469-8443-40D9-AB77-B47EAC9378B7}.Release|Any CPU.ActiveCfg = Release|Any CPU
		{7FCE5469-8443-40D9-AB77-B47EAC9378B7}.Release|Any CPU.Build.0 = Release|Any CPU
	EndGlobalSection
EndGlobal
